// !$*UTF8*$!
{
	archiveVersion = 1;
	classes = {
	};
	objectVersion = 46;
	objects = {

/* Begin PBXBuildFile section */
		07C4A95E1F03FC780062E0F2 /* AppDelegate.swift in Sources */ = {isa = PBXBuildFile; fileRef = 07C4A95D1F03FC780062E0F2 /* AppDelegate.swift */; };
		07C4A9631F03FC780062E0F2 /* Main.storyboard in Resources */ = {isa = PBXBuildFile; fileRef = 07C4A9611F03FC780062E0F2 /* Main.storyboard */; };
		07C4A9651F03FC780062E0F2 /* Assets.xcassets in Resources */ = {isa = PBXBuildFile; fileRef = 07C4A9641F03FC780062E0F2 /* Assets.xcassets */; };
		07C4A9681F03FC780062E0F2 /* LaunchScreen.storyboard in Resources */ = {isa = PBXBuildFile; fileRef = 07C4A9661F03FC780062E0F2 /* LaunchScreen.storyboard */; };
		07C4A9701F03FE870062E0F2 /* MainViewController.swift in Sources */ = {isa = PBXBuildFile; fileRef = 07C4A96F1F03FE870062E0F2 /* MainViewController.swift */; };
		07C4A9721F03FED80062E0F2 /* MenuViewController.swift in Sources */ = {isa = PBXBuildFile; fileRef = 07C4A9711F03FED80062E0F2 /* MenuViewController.swift */; };
/* End PBXBuildFile section */

/* Begin PBXFileReference section */
		07C4A95A1F03FC780062E0F2 /* SlidingMenu.app */ = {isa = PBXFileReference; explicitFileType = wrapper.application; includeInIndex = 0; path = SlidingMenu.app; sourceTree = BUILT_PRODUCTS_DIR; };
		07C4A95D1F03FC780062E0F2 /* AppDelegate.swift */ = {isa = PBXFileReference; lastKnownFileType = sourcecode.swift; path = AppDelegate.swift; sourceTree = "<group>"; };
		07C4A9621F03FC780062E0F2 /* Base */ = {isa = PBXFileReference; lastKnownFileType = file.storyboard; name = Base; path = Base.lproj/Main.storyboard; sourceTree = "<group>"; };
		07C4A9641F03FC780062E0F2 /* Assets.xcassets */ = {isa = PBXFileReference; lastKnownFileType = folder.assetcatalog; path = Assets.xcassets; sourceTree = "<group>"; };
		07C4A9671F03FC780062E0F2 /* Base */ = {isa = PBXFileReference; lastKnownFileType = file.storyboard; name = Base; path = Base.lproj/LaunchScreen.storyboard; sourceTree = "<group>"; };
		07C4A9691F03FC780062E0F2 /* Info.plist */ = {isa = PBXFileReference; lastKnownFileType = text.plist.xml; path = Info.plist; sourceTree = "<group>"; };
		07C4A96F1F03FE870062E0F2 /* MainViewController.swift */ = {isa = PBXFileReference; fileEncoding = 4; lastKnownFileType = sourcecode.swift; path = MainViewController.swift; sourceTree = "<group>"; };
		07C4A9711F03FED80062E0F2 /* MenuViewController.swift */ = {isa = PBXFileReference; fileEncoding = 4; lastKnownFileType = sourcecode.swift; path = MenuViewController.swift; sourceTree = "<group>"; };
/* End PBXFileReference section */

/* Begin PBXFrameworksBuildPhase section */
		07C4A9571F03FC780062E0F2 /* Frameworks */ = {
			isa = PBXFrameworksBuildPhase;
			buildActionMask = 2147483647;
			files = (
			);
			runOnlyForDeploymentPostprocessing = 0;
		};
/* End PBXFrameworksBuildPhase section */

/* Begin PBXGroup section */
		07C4A9511F03FC780062E0F2 = {
			isa = PBXGroup;
			children = (
				07C4A95C1F03FC780062E0F2 /* SlidingMenu */,
				07C4A95B1F03FC780062E0F2 /* Products */,
			);
			sourceTree = "<group>";
		};
		07C4A95B1F03FC780062E0F2 /* Products */ = {
			isa = PBXGroup;
			children = (
				07C4A95A1F03FC780062E0F2 /* SlidingMenu.app */,
			);
			name = Products;
			sourceTree = "<group>";
		};
		07C4A95C1F03FC780062E0F2 /* SlidingMenu */ = {
			isa = PBXGroup;
			children = (
				07C4A95D1F03FC780062E0F2 /* AppDelegate.swift */,
				07C4A9611F03FC780062E0F2 /* Main.storyboard */,
				07C4A96F1F03FE870062E0F2 /* MainViewController.swift */,
				07C4A9711F03FED80062E0F2 /* MenuViewController.swift */,
				07C4A9641F03FC780062E0F2 /* Assets.xcassets */,
				07C4A9661F03FC780062E0F2 /* LaunchScreen.storyboard */,
				07C4A9691F03FC780062E0F2 /* Info.plist */,
			);
			path = SlidingMenu;
			sourceTree = "<group>";
		};
/* End PBXGroup section */

/* Begin PBXNativeTarget section */
		07C4A9591F03FC780062E0F2 /* SlidingMenu */ = {
			isa = PBXNativeTarget;
			buildConfigurationList = 07C4A96C1F03FC780062E0F2 /* Build configuration list for PBXNativeTarget "SlidingMenu" */;
			buildPhases = (
				07C4A9561F03FC780062E0F2 /* Sources */,
				07C4A9571F03FC780062E0F2 /* Frameworks */,
				07C4A9581F03FC780062E0F2 /* Resources */,
			);
			buildRules = (
			);
			dependencies = (
			);
			name = SlidingMenu;
			productName = SlidingMenu;
			productReference = 07C4A95A1F03FC780062E0F2 /* SlidingMenu.app */;
			productType = "com.apple.product-type.application";
		};
/* End PBXNativeTarget section */

/* Begin PBXProject section */
		07C4A9521F03FC780062E0F2 /* Project object */ = {
			isa = PBXProject;
			attributes = {
				LastSwiftUpdateCheck = 0830;
				LastUpgradeCheck = 0830;
				ORGANIZATIONNAME = Eric;
				TargetAttributes = {
					07C4A9591F03FC780062E0F2 = {
						CreatedOnToolsVersion = 8.3.3;
						ProvisioningStyle = Automatic;
					};
				};
			};
			buildConfigurationList = 07C4A9551F03FC780062E0F2 /* Build configuration list for PBXProject "SlidingMenu" */;
			compatibilityVersion = "Xcode 3.2";
			developmentRegion = English;
			hasScannedForEncodings = 0;
			knownRegions = (
				en,
				Base,
			);
			mainGroup = 07C4A9511F03FC780062E0F2;
			productRefGroup = 07C4A95B1F03FC780062E0F2 /* Products */;
			projectDirPath = "";
			projectRoot = "";
			targets = (
				07C4A9591F03FC780062E0F2 /* SlidingMenu */,
			);
		};
/* End PBXProject section */

/* Begin PBXResourcesBuildPhase section */
		07C4A9581F03FC780062E0F2 /* Resources */ = {
			isa = PBXResourcesBuildPhase;
			buildActionMask = 2147483647;
			files = (
				07C4A9681F03FC780062E0F2 /* LaunchScreen.storyboard in Resources */,
				07C4A9651F03FC780062E0F2 /* Assets.xcassets in Resources */,
				07C4A9631F03FC780062E0F2 /* Main.storyboard in Resources */,
			);
			runOnlyForDeploymentPostprocessing = 0;
		};
/* End PBXResourcesBuildPhase section */

/* Begin PBXSourcesBuildPhase section */
		07C4A9561F03FC780062E0F2 /* Sources */ = {
			isa = PBXSourcesBuildPhase;
			buildActionMask = 2147483647;
			files = (
				07C4A95E1F03FC780062E0F2 /* AppDelegate.swift in Sources */,
				07C4A9721F03FED80062E0F2 /* MenuViewController.swift in Sources */,
				07C4A9701F03FE870062E0F2 /* MainViewController.swift in Sources */,
			);
			runOnlyForDeploymentPostprocessing = 0;
		};
/* End PBXSourcesBuildPhase section */

/* Begin PBXVariantGroup section */
		07C4A9611F03FC780062E0F2 /* Main.storyboard */ = {
			isa = PBXVariantGroup;
			children = (
				07C4A9621F03FC780062E0F2 /* Base */,
			);
			name = Main.storyboard;
			sourceTree = "<group>";
		};
		07C4A9661F03FC780062E0F2 /* LaunchScreen.storyboard */ = {
			isa = PBXVariantGroup;
			children = (
				07C4A9671F03FC780062E0F2 /* Base */,
			);
			name = LaunchScreen.storyboard;
			sourceTree = "<group>";
		};
/* End PBXVariantGroup section */

/* Begin XCBuildConfiguration section */
		07C4A96A1F03FC780062E0F2 /* Debug */ = {
			isa = XCBuildConfiguration;
			buildSettings = {
				ALWAYS_SEARCH_USER_PATHS = NO;
				CLANG_ANALYZER_NONNULL = YES;
				CLANG_ANALYZER_NUMBER_OBJECT_CONVERSION = YES_AGGRESSIVE;
				CLANG_CXX_LANGUAGE_STANDARD = "gnu++0x";
				CLANG_CXX_LIBRARY = "libc++";
				CLANG_ENABLE_MODULES = YES;
				CLANG_ENABLE_OBJC_ARC = YES;
				CLANG_WARN_BOOL_CONVERSION = YES;
				CLANG_WARN_CONSTANT_CONVERSION = YES;
				CLANG_WARN_DIRECT_OBJC_ISA_USAGE = YES_ERROR;
				CLANG_WARN_DOCUMENTATION_COMMENTS = YES;
				CLANG_WARN_EMPTY_BODY = YES;
				CLANG_WARN_ENUM_CONVERSION = YES;
				CLANG_WARN_INFINITE_RECURSION = YES;
				CLANG_WARN_INT_CONVERSION = YES;
				CLANG_WARN_OBJC_ROOT_CLASS = YES_ERROR;
				CLANG_WARN_SUSPICIOUS_MOVE = YES;
				CLANG_WARN_UNREACHABLE_CODE = YES;
				CLANG_WARN__DUPLICATE_METHOD_MATCH = YES;
				"CODE_SIGN_IDENTITY[sdk=iphoneos*]" = "iPhone Developer";
				COPY_PHASE_STRIP = NO;
				DEBUG_INFORMATION_FORMAT = dwarf;
				ENABLE_STRICT_OBJC_MSGSEND = YES;
				ENABLE_TESTABILITY = YES;
				GCC_C_LANGUAGE_STANDARD = gnu99;
				GCC_DYNAMIC_NO_PIC = NO;
				GCC_NO_COMMON_BLOCKS = YES;
				GCC_OPTIMIZATION_LEVEL = 0;
				GCC_PREPROCESSOR_DEFINITIONS = (
					"DEBUG=1",
					"$(inherited)",
				);
				GCC_WARN_64_TO_32_BIT_CONVERSION = YES;
				GCC_WARN_ABOUT_RETURN_TYPE = YES_ERROR;
				GCC_WARN_UNDECLARED_SELECTOR = YES;
				GCC_WARN_UNINITIALIZED_AUTOS = YES_AGGRESSIVE;
				GCC_WARN_UNUSED_FUNCTION = YES;
				GCC_WARN_UNUSED_VARIABLE = YES;
				IPHONEOS_DEPLOYMENT_TARGET = 10.3;
				MTL_ENABLE_DEBUG_INFO = YES;
				ONLY_ACTIVE_ARCH = YES;
				SDKROOT = iphoneos;
				SWIFT_ACTIVE_COMPILATION_CONDITIONS = DEBUG;
				SWIFT_OPTIMIZATION_LEVEL = "-Onone";
				TARGETED_DEVICE_FAMILY = "1,2";
			};
			name = Debug;
		};
		07C4A96B1F03FC780062E0F2 /* Release */ = {
			isa = XCBuildConfiguration;
			buildSettings = {
				ALWAYS_SEARCH_USER_PATHS = NO;
				CLANG_ANALYZER_NONNULL = YES;
				CLANG_ANALYZER_NUMBER_OBJECT_CONVERSION = YES_AGGRESSIVE;
				CLANG_CXX_LANGUAGE_STANDARD = "gnu++0x";
				CLANG_CXX_LIBRARY = "libc++";
				CLANG_ENABLE_MODULES = YES;
				CLANG_ENABLE_OBJC_ARC = YES;
				CLANG_WARN_BOOL_CONVERSION = YES;
				CLANG_WARN_CONSTANT_CONVERSION = YES;
				CLANG_WARN_DIRECT_OBJC_ISA_USAGE = YES_ERROR;
				CLANG_WARN_DOCUMENTATION_COMMENTS = YES;
				CLANG_WARN_EMPTY_BODY = YES;
				CLANG_WARN_ENUM_CONVERSION = YES;
				CLANG_WARN_INFINITE_RECURSION = YES;
				CLANG_WARN_INT_CONVERSION = YES;
				CLANG_WARN_OBJC_ROOT_CLASS = YES_ERROR;
				CLANG_WARN_SUSPICIOUS_MOVE = YES;
				CLANG_WARN_UNREACHABLE_CODE = YES;
				CLANG_WARN__DUPLICATE_METHOD_MATCH = YES;
				"CODE_SIGN_IDENTITY[sdk=iphoneos*]" = "iPhone Developer";
				COPY_PHASE_STRIP = NO;
				DEBUG_INFORMATION_FORMAT = "dwarf-with-dsym";
				ENABLE_NS_ASSERTIONS = NO;
				ENABLE_STRICT_OBJC_MSGSEND = YES;
				GCC_C_LANGUAGE_STANDARD = gnu99;
				GCC_NO_COMMON_BLOCKS = YES;
				GCC_WARN_64_TO_32_BIT_CONVERSION = YES;
				GCC_WARN_ABOUT_RETURN_TYPE = YES_ERROR;
				GCC_WARN_UNDECLARED_SELECTOR = YES;
				GCC_WARN_UNINITIALIZED_AUTOS = YES_AGGRESSIVE;
				GCC_WARN_UNUSED_FUNCTION = YES;
				GCC_WARN_UNUSED_VARIABLE = YES;
				IPHONEOS_DEPLOYMENT_TARGET = 10.3;
				MTL_ENABLE_DEBUG_INFO = NO;
				SDKROOT = iphoneos;
				SWIFT_OPTIMIZATION_LEVEL = "-Owholemodule";
				TARGETED_DEVICE_FAMILY = "1,2";
				VALIDATE_PRODUCT = YES;
			};
			name = Release;
		};
		07C4A96D1F03FC780062E0F2 /* Debug */ = {
			isa = XCBuildConfiguration;
			buildSettings = {
				ASSETCATALOG_COMPILER_APPICON_NAME = AppIcon;
				INFOPLIST_FILE = SlidingMenu/Info.plist;
				LD_RUNPATH_SEARCH_PATHS = "$(inherited) @executable_path/Frameworks";
				PRODUCT_BUNDLE_IDENTIFIER = com.example.SlidingMenu;
				PRODUCT_NAME = "$(TARGET_NAME)";
				SWIFT_VERSION = 3.0;
			};
			name = Debug;
		};
		07C4A96E1F03FC780062E0F2 /* Release */ = {
			isa = XCBuildConfiguration;
			buildSettings = {
				ASSETCATALOG_COMPILER_APPICON_NAME = AppIcon;
				INFOPLIST_FILE = SlidingMenu/Info.plist;
				LD_RUNPATH_SEARCH_PATHS = "$(inherited) @executable_path/Frameworks";
				PRODUCT_BUNDLE_IDENTIFIER = com.example.SlidingMenu;
				PRODUCT_NAME = "$(TARGET_NAME)";
				SWIFT_VERSION = 3.0;
			};
			name = Release;
		};
/* End XCBuildConfiguration section */

/* Begin XCConfigurationList section */
		07C4A9551F03FC780062E0F2 /* Build configuration list for PBXProject "SlidingMenu" */ = {
			isa = XCConfigurationList;
			buildConfigurations = (
				07C4A96A1F03FC780062E0F2 /* Debug */,
				07C4A96B1F03FC780062E0F2 /* Release */,
			);
			defaultConfigurationIsVisible = 0;
			defaultConfigurationName = Release;
		};
		07C4A96C1F03FC780062E0F2 /* Build configuration list for PBXNativeTarget "SlidingMenu" */ = {
			isa = XCConfigurationList;
			buildConfigurations = (
				07C4A96D1F03FC780062E0F2 /* Debug */,
				07C4A96E1F03FC780062E0F2 /* Release */,
			);
			defaultConfigurationIsVisible = 0;
		};
/* End XCConfigurationList section */
	};
	rootObject = 07C4A9521F03FC780062E0F2 /* Project object */;
}
